// !$*UTF8*$!
{
	archiveVersion = 1;
	classes = {
	};
	objectVersion = 50;
	objects = {

/* Begin PBXBuildFile section */
		D2883F54221105A000979B0C /* AppDelegate.swift in Sources */ = {isa = PBXBuildFile; fileRef = D2883F53221105A000979B0C /* AppDelegate.swift */; };
		D2883F56221105A000979B0C /* ViewController.swift in Sources */ = {isa = PBXBuildFile; fileRef = D2883F55221105A000979B0C /* ViewController.swift */; };
		D2883F59221105A000979B0C /* Main.storyboard in Resources */ = {isa = PBXBuildFile; fileRef = D2883F57221105A000979B0C /* Main.storyboard */; };
		D2883F5C221105A000979B0C /* Coding_Assignment_Weather_App.xcdatamodeld in Sources */ = {isa = PBXBuildFile; fileRef = D2883F5A221105A000979B0C /* Coding_Assignment_Weather_App.xcdatamodeld */; };
		D2883F5E221105A200979B0C /* Assets.xcassets in Resources */ = {isa = PBXBuildFile; fileRef = D2883F5D221105A200979B0C /* Assets.xcassets */; };
		D2883F61221105A200979B0C /* LaunchScreen.storyboard in Resources */ = {isa = PBXBuildFile; fileRef = D2883F5F221105A200979B0C /* LaunchScreen.storyboard */; };
/* End PBXBuildFile section */

/* Begin PBXFileReference section */
		D2883F50221105A000979B0C /* Coding Assignment Weather App.app */ = {isa = PBXFileReference; explicitFileType = wrapper.application; includeInIndex = 0; path = "Coding Assignment Weather App.app"; sourceTree = BUILT_PRODUCTS_DIR; };
		D2883F53221105A000979B0C /* AppDelegate.swift */ = {isa = PBXFileReference; lastKnownFileType = sourcecode.swift; path = AppDelegate.swift; sourceTree = "<group>"; };
		D2883F55221105A000979B0C /* ViewController.swift */ = {isa = PBXFileReference; lastKnownFileType = sourcecode.swift; path = ViewController.swift; sourceTree = "<group>"; };
		D2883F58221105A000979B0C /* Base */ = {isa = PBXFileReference; lastKnownFileType = file.storyboard; name = Base; path = Base.lproj/Main.storyboard; sourceTree = "<group>"; };
		D2883F5B221105A000979B0C /* Coding_Assignment_Weather_App.xcdatamodel */ = {isa = PBXFileReference; lastKnownFileType = wrapper.xcdatamodel; path = Coding_Assignment_Weather_App.xcdatamodel; sourceTree = "<group>"; };
		D2883F5D221105A200979B0C /* Assets.xcassets */ = {isa = PBXFileReference; lastKnownFileType = folder.assetcatalog; path = Assets.xcassets; sourceTree = "<group>"; };
		D2883F60221105A200979B0C /* Base */ = {isa = PBXFileReference; lastKnownFileType = file.storyboard; name = Base; path = Base.lproj/LaunchScreen.storyboard; sourceTree = "<group>"; };
		D2883F62221105A200979B0C /* Info.plist */ = {isa = PBXFileReference; lastKnownFileType = text.plist.xml; path = Info.plist; sourceTree = "<group>"; };
/* End PBXFileReference section */

/* Begin PBXFrameworksBuildPhase section */
		D2883F4D221105A000979B0C /* Frameworks */ = {
			isa = PBXFrameworksBuildPhase;
			buildActionMask = 2147483647;
			files = (
			);
			runOnlyForDeploymentPostprocessing = 0;
		};
/* End PBXFrameworksBuildPhase section */

/* Begin PBXGroup section */
		D2883F47221105A000979B0C = {
			isa = PBXGroup;
			children = (
				D2883F52221105A000979B0C /* Coding Assignment Weather App */,
				D2883F51221105A000979B0C /* Products */,
			);
			sourceTree = "<group>";
		};
		D2883F51221105A000979B0C /* Products */ = {
			isa = PBXGroup;
			children = (
				D2883F50221105A000979B0C /* Coding Assignment Weather App.app */,
			);
			name = Products;
			sourceTree = "<group>";
		};
		D2883F52221105A000979B0C /* Coding Assignment Weather App */ = {
			isa = PBXGroup;
			children = (
				D2883F53221105A000979B0C /* AppDelegate.swift */,
				D2883F55221105A000979B0C /* ViewController.swift */,
				D2883F57221105A000979B0C /* Main.storyboard */,
				D2883F5D221105A200979B0C /* Assets.xcassets */,
				D2883F5F221105A200979B0C /* LaunchScreen.storyboard */,
				D2883F62221105A200979B0C /* Info.plist */,
				D2883F5A221105A000979B0C /* Coding_Assignment_Weather_App.xcdatamodeld */,
			);
			path = "Coding Assignment Weather App";
			sourceTree = "<group>";
		};
/* End PBXGroup section */

/* Begin PBXNativeTarget section */
		D2883F4F221105A000979B0C /* Coding Assignment Weather App */ = {
			isa = PBXNativeTarget;
			buildConfigurationList = D2883F65221105A200979B0C /* Build configuration list for PBXNativeTarget "Coding Assignment Weather App" */;
			buildPhases = (
				D2883F4C221105A000979B0C /* Sources */,
				D2883F4D221105A000979B0C /* Frameworks */,
				D2883F4E221105A000979B0C /* Resources */,
			);
			buildRules = (
			);
			dependencies = (
			);
			name = "Coding Assignment Weather App";
			productName = "Coding Assignment Weather App";
			productReference = D2883F50221105A000979B0C /* Coding Assignment Weather App.app */;
			productType = "com.apple.product-type.application";
		};
/* End PBXNativeTarget section */

/* Begin PBXProject section */
		D2883F48221105A000979B0C /* Project object */ = {
			isa = PBXProject;
			attributes = {
				LastSwiftUpdateCheck = 1010;
				LastUpgradeCheck = 1010;
				ORGANIZATIONNAME = Learning;
				TargetAttributes = {
					D2883F4F221105A000979B0C = {
						CreatedOnToolsVersion = 10.1;
					};
				};
			};
			buildConfigurationList = D2883F4B221105A000979B0C /* Build configuration list for PBXProject "Coding Assignment Weather App" */;
			compatibilityVersion = "Xcode 9.3";
			developmentRegion = en;
			hasScannedForEncodings = 0;
			knownRegions = (
				en,
				Base,
			);
			mainGroup = D2883F47221105A000979B0C;
			productRefGroup = D2883F51221105A000979B0C /* Products */;
			projectDirPath = "";
			projectRoot = "";
			targets = (
				D2883F4F221105A000979B0C /* Coding Assignment Weather App */,
			);
		};
/* End PBXProject section */

/* Begin PBXResourcesBuildPhase section */
		D2883F4E221105A000979B0C /* Resources */ = {
			isa = PBXResourcesBuildPhase;
			buildActionMask = 2147483647;
			files = (
				D2883F61221105A200979B0C /* LaunchScreen.storyboard in Resources */,
				D2883F5E221105A200979B0C /* Assets.xcassets in Resources */,
				D2883F59221105A000979B0C /* Main.storyboard in Resources */,
			);
			runOnlyForDeploymentPostprocessing = 0;
		};
/* End PBXResourcesBuildPhase section */

/* Begin PBXSourcesBuildPhase section */
		D2883F4C221105A000979B0C /* Sources */ = {
			isa = PBXSourcesBuildPhase;
			buildActionMask = 2147483647;
			files = (
				D2883F56221105A000979B0C /* ViewController.swift in Sources */,
				D2883F54221105A000979B0C /* AppDelegate.swift in Sources */,
				D2883F5C221105A000979B0C /* Coding_Assignment_Weather_App.xcdatamodeld in Sources */,
			);
			runOnlyForDeploymentPostprocessing = 0;
		};
/* End PBXSourcesBuildPhase section */

/* Begin PBXVariantGroup section */
		D2883F57221105A000979B0C /* Main.storyboard */ = {
			isa = PBXVariantGroup;
			children = (
				D2883F58221105A000979B0C /* Base */,
			);
			name = Main.storyboard;
			sourceTree = "<group>";
		};
		D2883F5F221105A200979B0C /* LaunchScreen.storyboard */ = {
			isa = PBXVariantGroup;
			children = (
				D2883F60221105A200979B0C /* Base */,
			);
			name = LaunchScreen.storyboard;
			sourceTree = "<group>";
		};
/* End PBXVariantGroup section */

/* Begin XCBuildConfiguration section */
		D2883F63221105A200979B0C /* Debug */ = {
			isa = XCBuildConfiguration;
			buildSettings = {
				ALWAYS_SEARCH_USER_PATHS = NO;
				CLANG_ANALYZER_NONNULL = YES;
				CLANG_ANALYZER_NUMBER_OBJECT_CONVERSION = YES_AGGRESSIVE;
				CLANG_CXX_LANGUAGE_STANDARD = "gnu++14";
				CLANG_CXX_LIBRARY = "libc++";
				CLANG_ENABLE_MODULES = YES;
				CLANG_ENABLE_OBJC_ARC = YES;
				CLANG_ENABLE_OBJC_WEAK = YES;
				CLANG_WARN_BLOCK_CAPTURE_AUTORELEASING = YES;
				CLANG_WARN_BOOL_CONVERSION = YES;
				CLANG_WARN_COMMA = YES;
				CLANG_WARN_CONSTANT_CONVERSION = YES;
				CLANG_WARN_DEPRECATED_OBJC_IMPLEMENTATIONS = YES;
				CLANG_WARN_DIRECT_OBJC_ISA_USAGE = YES_ERROR;
				CLANG_WARN_DOCUMENTATION_COMMENTS = YES;
				CLANG_WARN_EMPTY_BODY = YES;
				CLANG_WARN_ENUM_CONVERSION = YES;
				CLANG_WARN_INFINITE_RECURSION = YES;
				CLANG_WARN_INT_CONVERSION = YES;
				CLANG_WARN_NON_LITERAL_NULL_CONVERSION = YES;
				CLANG_WARN_OBJC_IMPLICIT_RETAIN_SELF = YES;
				CLANG_WARN_OBJC_LITERAL_CONVERSION = YES;
				CLANG_WARN_OBJC_ROOT_CLASS = YES_ERROR;
				CLANG_WARN_RANGE_LOOP_ANALYSIS = YES;
				CLANG_WARN_STRICT_PROTOTYPES = YES;
				CLANG_WARN_SUSPICIOUS_MOVE = YES;
				CLANG_WARN_UNGUARDED_AVAILABILITY = YES_AGGRESSIVE;
				CLANG_WARN_UNREACHABLE_CODE = YES;
				CLANG_WARN__DUPLICATE_METHOD_MATCH = YES;
				CODE_SIGN_IDENTITY = "iPhone Developer";
				COPY_PHASE_STRIP = NO;
				DEBUG_INFORMATION_FORMAT = dwarf;
				ENABLE_STRICT_OBJC_MSGSEND = YES;
				ENABLE_TESTABILITY = YES;
				GCC_C_LANGUAGE_STANDARD = gnu11;
				GCC_DYNAMIC_NO_PIC = NO;
				GCC_NO_COMMON_BLOCKS = YES;
				GCC_OPTIMIZATION_LEVEL = 0;
				GCC_PREPROCESSOR_DEFINITIONS = (
					"DEBUG=1",
					"$(inherited)",
				);
				GCC_WARN_64_TO_32_BIT_CONVERSION = YES;
				GCC_WARN_ABOUT_RETURN_TYPE = YES_ERROR;
				GCC_WARN_UNDECLARED_SELECTOR = YES;
				GCC_WARN_UNINITIALIZED_AUTOS = YES_AGGRESSIVE;
				GCC_WARN_UNUSED_FUNCTION = YES;
				GCC_WARN_UNUSED_VARIABLE = YES;
				IPHONEOS_DEPLOYMENT_TARGET = 12.1;
				MTL_ENABLE_DEBUG_INFO = INCLUDE_SOURCE;
				MTL_FAST_MATH = YES;
				ONLY_ACTIVE_ARCH = YES;
				SDKROOT = iphoneos;
				SWIFT_ACTIVE_COMPILATION_CONDITIONS = DEBUG;
				SWIFT_OPTIMIZATION_LEVEL = "-Onone";
			};
			name = Debug;
		};
		D2883F64221105A200979B0C /* Release */ = {
			isa = XCBuildConfiguration;
			buildSettings = {
				ALWAYS_SEARCH_USER_PATHS = NO;
				CLANG_ANALYZER_NONNULL = YES;
				CLANG_ANALYZER_NUMBER_OBJECT_CONVERSION = YES_AGGRESSIVE;
				CLANG_CXX_LANGUAGE_STANDARD = "gnu++14";
				CLANG_CXX_LIBRARY = "libc++";
				CLANG_ENABLE_MODULES = YES;
				CLANG_ENABLE_OBJC_ARC = YES;
				CLANG_ENABLE_OBJC_WEAK = YES;
				CLANG_WARN_BLOCK_CAPTURE_AUTORELEASING = YES;
				CLANG_WARN_BOOL_CONVERSION = YES;
				CLANG_WARN_COMMA = YES;
				CLANG_WARN_CONSTANT_CONVERSION = YES;
				CLANG_WARN_DEPRECATED_OBJC_IMPLEMENTATIONS = YES;
				CLANG_WARN_DIRECT_OBJC_ISA_USAGE = YES_ERROR;
				CLANG_WARN_DOCUMENTATION_COMMENTS = YES;
				CLANG_WARN_EMPTY_BODY = YES;
				CLANG_WARN_ENUM_CONVERSION = YES;
				CLANG_WARN_INFINITE_RECURSION = YES;
				CLANG_WARN_INT_CONVERSION = YES;
				CLANG_WARN_NON_LITERAL_NULL_CONVERSION = YES;
				CLANG_WARN_OBJC_IMPLICIT_RETAIN_SELF = YES;
				CLANG_WARN_OBJC_LITERAL_CONVERSION = YES;
				CLANG_WARN_OBJC_ROOT_CLASS = YES_ERROR;
				CLANG_WARN_RANGE_LOOP_ANALYSIS = YES;
				CLANG_WARN_STRICT_PROTOTYPES = YES;
				CLANG_WARN_SUSPICIOUS_MOVE = YES;
				CLANG_WARN_UNGUARDED_AVAILABILITY = YES_AGGRESSIVE;
				CLANG_WARN_UNREACHABLE_CODE = YES;
				CLANG_WARN__DUPLICATE_METHOD_MATCH = YES;
				CODE_SIGN_IDENTITY = "iPhone Developer";
				COPY_PHASE_STRIP = NO;
				DEBUG_INFORMATION_FORMAT = "dwarf-with-dsym";
				ENABLE_NS_ASSERTIONS = NO;
				ENABLE_STRICT_OBJC_MSGSEND = YES;
				GCC_C_LANGUAGE_STANDARD = gnu11;
				GCC_NO_COMMON_BLOCKS = YES;
				GCC_WARN_64_TO_32_BIT_CONVERSION = YES;
				GCC_WARN_ABOUT_RETURN_TYPE = YES_ERROR;
				GCC_WARN_UNDECLARED_SELECTOR = YES;
				GCC_WARN_UNINITIALIZED_AUTOS = YES_AGGRESSIVE;
				GCC_WARN_UNUSED_FUNCTION = YES;
				GCC_WARN_UNUSED_VARIABLE = YES;
				IPHONEOS_DEPLOYMENT_TARGET = 12.1;
				MTL_ENABLE_DEBUG_INFO = NO;
				MTL_FAST_MATH = YES;
				SDKROOT = iphoneos;
				SWIFT_COMPILATION_MODE = wholemodule;
				SWIFT_OPTIMIZATION_LEVEL = "-O";
				VALIDATE_PRODUCT = YES;
			};
			name = Release;
		};
		D2883F66221105A200979B0C /* Debug */ = {
			isa = XCBuildConfiguration;
			buildSettings = {
				ASSETCATALOG_COMPILER_APPICON_NAME = AppIcon;
				CODE_SIGN_STYLE = Automatic;
				DEVELOPMENT_TEAM = 6XD4UEMVZ7;
				INFOPLIST_FILE = "Coding Assignment Weather App/Info.plist";
				LD_RUNPATH_SEARCH_PATHS = (
					"$(inherited)",
					"@executable_path/Frameworks",
				);
				PRODUCT_BUNDLE_IDENTIFIER = "Udemy.Coding-Assignment-Weather-App";
				PRODUCT_NAME = "$(TARGET_NAME)";
				SWIFT_VERSION = 4.2;
				TARGETED_DEVICE_FAMILY = "1,2";
			};
			name = Debug;
		};
		D2883F67221105A200979B0C /* Release */ = {
			isa = XCBuildConfiguration;
			buildSettings = {
				ASSETCATALOG_COMPILER_APPICON_NAME = AppIcon;
				CODE_SIGN_STYLE = Automatic;
				DEVELOPMENT_TEAM = 6XD4UEMVZ7;
				INFOPLIST_FILE = "Coding Assignment Weather App/Info.plist";
				LD_RUNPATH_SEARCH_PATHS = (
					"$(inherited)",
					"@executable_path/Frameworks",
				);
				PRODUCT_BUNDLE_IDENTIFIER = "Udemy.Coding-Assignment-Weather-App";
				PRODUCT_NAME = "$(TARGET_NAME)";
				SWIFT_VERSION = 4.2;
				TARGETED_DEVICE_FAMILY = "1,2";
			};
			name = Release;
		};
/* End XCBuildConfiguration section */

/* Begin XCConfigurationList section */
		D2883F4B221105A000979B0C /* Build configuration list for PBXProject "Coding Assignment Weather App" */ = {
			isa = XCConfigurationList;
			buildConfigurations = (
				D2883F63221105A200979B0C /* Debug */,
				D2883F64221105A200979B0C /* Release */,
			);
			defaultConfigurationIsVisible = 0;
			defaultConfigurationName = Release;
		};
		D2883F65221105A200979B0C /* Build configuration list for PBXNativeTarget "Coding Assignment Weather App" */ = {
			isa = XCConfigurationList;
			buildConfigurations = (
				D2883F66221105A200979B0C /* Debug */,
				D2883F67221105A200979B0C /* Release */,
			);
			defaultConfigurationIsVisible = 0;
			defaultConfigurationName = Release;
		};
/* End XCConfigurationList section */

/* Begin XCVersionGroup section */
		D2883F5A221105A000979B0C /* Coding_Assignment_Weather_App.xcdatamodeld */ = {
			isa = XCVersionGroup;
			children = (
				D2883F5B221105A000979B0C /* Coding_Assignment_Weather_App.xcdatamodel */,
			);
			currentVersion = D2883F5B221105A000979B0C /* Coding_Assignment_Weather_App.xcdatamodel */;
			path = Coding_Assignment_Weather_App.xcdatamodeld;
			sourceTree = "<group>";
			versionGroupType = wrapper.xcdatamodel;
		};
/* End XCVersionGroup section */
	};
	rootObject = D2883F48221105A000979B0C /* Project object */;
}
